
Microsoft Visual Studio Solution File, Format Version 12.00
# Visual Studio Version 17
VisualStudioVersion = 17.10.35027.167
MinimumVisualStudioVersion = 10.0.40219.1
Project("{FAE04EC0-301F-11D3-BF4B-00C04F79EFBC}") = "InvenTadaFrontend", "InvenTadaFrontend\InvenTadaFrontend\InvenTadaFrontend.csproj", "{8423701D-8435-4DF7-BA3D-126BB31DB9F0}"
EndProject
Project("{FAE04EC0-301F-11D3-BF4B-00C04F79EFBC}") = "InvenTadaFrontend.Client", "InvenTadaFrontend\InvenTadaFrontend.Client\InvenTadaFrontend.Client.csproj", "{C1B7B4D7-B568-4D05-8952-F504EA0238B7}"
EndProject
Global
	GlobalSection(SolutionConfigurationPlatforms) = preSolution
		Debug|Any CPU = Debug|Any CPU
		Release|Any CPU = Release|Any CPU
	EndGlobalSection
	GlobalSection(ProjectConfigurationPlatforms) = postSolution
		{8423701D-8435-4DF7-BA3D-126BB31DB9F0}.Debug|Any CPU.ActiveCfg = Debug|Any CPU
		{8423701D-8435-4DF7-BA3D-126BB31DB9F0}.Debug|Any CPU.Build.0 = Debug|Any CPU
		{8423701D-8435-4DF7-BA3D-126BB31DB9F0}.Release|Any CPU.ActiveCfg = Release|Any CPU
		{8423701D-8435-4DF7-BA3D-126BB31DB9F0}.Release|Any CPU.Build.0 = Release|Any CPU
		{C1B7B4D7-B568-4D05-8952-F504EA0238B7}.Debug|Any CPU.ActiveCfg = Debug|Any CPU
		{C1B7B4D7-B568-4D05-8952-F504EA0238B7}.Debug|Any CPU.Build.0 = Debug|Any CPU
		{C1B7B4D7-B568-4D05-8952-F504EA0238B7}.Release|Any CPU.ActiveCfg = Release|Any CPU
		{C1B7B4D7-B568-4D05-8952-F504EA0238B7}.Release|Any CPU.Build.0 = Release|Any CPU
	EndGlobalSection
	GlobalSection(SolutionProperties) = preSolution
		HideSolutionNode = FALSE
	EndGlobalSection
	GlobalSection(ExtensibilityGlobals) = postSolution
		SolutionGuid = {BEDAE567-DB3F-403A-B853-C249020002A9}
	EndGlobalSection
EndGlobal
